
Microsoft Visual Studio Solution File, Format Version 12.00
# Visual Studio Version 16
VisualStudioVersion = 16.0.31911.196
MinimumVisualStudioVersion = 10.0.40219.1
Project("{FAE04EC0-301F-11D3-BF4B-00C04F79EFBC}") = "Giri-vs2019-Kiran", "Giri-vs2019-Kiran.csproj", "{1973D764-FA5F-449B-A130-C6CB5F442FCD}"
EndProject
Global
	GlobalSection(SolutionConfigurationPlatforms) = preSolution
		Debug|Any CPU = Debug|Any CPU
		Release|Any CPU = Release|Any CPU
	EndGlobalSection
	GlobalSection(ProjectConfigurationPlatforms) = postSolution
		{1973D764-FA5F-449B-A130-C6CB5F442FCD}.Debug|Any CPU.ActiveCfg = Debug|Any CPU
		{1973D764-FA5F-449B-A130-C6CB5F442FCD}.Debug|Any CPU.Build.0 = Debug|Any CPU
		{1973D764-FA5F-449B-A130-C6CB5F442FCD}.Release|Any CPU.ActiveCfg = Release|Any CPU
		{1973D764-FA5F-449B-A130-C6CB5F442FCD}.Release|Any CPU.Build.0 = Release|Any CPU
	EndGlobalSection
	GlobalSection(SolutionProperties) = preSolution
		HideSolutionNode = FALSE
	EndGlobalSection
	GlobalSection(ExtensibilityGlobals) = postSolution
		SolutionGuid = {068D083B-FCAA-47FE-81EE-A04DFDE6F98E}
	EndGlobalSection
EndGlobal
